version = 1
revision = 3
requires-python = ">=3.9"
resolution-markers = [
    "python_full_version >= '3.10'",
    "python_full_version < '3.10'",
]

[[package]]
name = "claude-quota-display"
version = "1.0.0"
source = { virtual = "." }
dependencies = [
    { name = "pygame" },
]

[package.optional-dependencies]
macos = [
    { name = "rumps" },
]

[package.metadata]
requires-dist = [
    { name = "pygame", specifier = ">=2.5" },
    { name = "rumps", marker = "extra == 'macos'", specifier = ">=0.4" },
]
provides-extras = ["macos"]

[[package]]
name = "pygame"
version = "2.6.1"
source = { registry = "https://pypi.org/simple" }
sdist = { url = "https://files.pythonhosted.org/packages/49/cc/08bba60f00541f62aaa252ce0cfbd60aebd04616c0b9574f755b583e45ae/pygame-2.6.1.tar.gz", hash = "sha256:56fb02ead529cee00d415c3e007f75e0780c655909aaa8e8bf616ee09c9feb1f", size = 14808125, upload-time = "2024-09-29T13:41:34.698Z" }
wheels = [
    { url = "https://files.pythonhosted.org/packages/54/0b/334c7c50a2979e15f2a027a41d1ca78ee730d5b1c7f7f4b26d7cb899839d/pygame-2.6.1-cp310-cp310-macosx_10_9_x86_64.whl", hash = "sha256:9beeb647e555afb5657111fa83acb74b99ad88761108eaea66472e8b8547b55b", size = 13109297, upload-time = "2024-09-29T14:25:34.709Z" },
    { url = "https://files.pythonhosted.org/packages/dc/48/f8b1069788d1bd42e63a960d74d3355242480b750173a42b2749687578ca/pygame-2.6.1-cp310-cp310-macosx_11_0_arm64.whl", hash = "sha256:10e3d2a55f001f6c0a6eb44aa79ea7607091c9352b946692acedb2ac1482f1c9", size = 12375837, upload-time = "2024-09-29T14:25:50.538Z" },
    { url = "https://files.pythonhosted.org/packages/bc/33/a1310386b8913ce1bdb90c33fa536970e299ad57eb35785f1d71ea1e2ad3/pygame-2.6.1-cp310-cp310-manylinux_2_17_aarch64.manylinux2014_aarch64.whl", hash = "sha256:816e85000c5d8b02a42b9834f761a5925ef3377d2924e3a7c4c143d2990ce5b8", size = 13607860, upload-time = "2024-09-29T11:10:44.173Z" },
    { url = "https://files.pythonhosted.org/packages/88/0f/4e37b115056e43714e7550054dd3cd7f4d552da54d7fc58a2fb1407acda5/pygame-2.6.1-cp310-cp310-manylinux_2_17_i686.manylinux2014_i686.whl", hash = "sha256:8a78fd030d98faab4a8e27878536fdff7518d3e062a72761c552f624ebba5a5f", size = 14304696, upload-time = "2024-09-29T11:39:46.724Z" },
    { url = "https://files.pythonhosted.org/packages/11/b3/de6ed93ae483cf3bac8f950a955e83f7ffe59651fd804d100fff65d66d6c/pygame-2.6.1-cp310-cp310-manylinux_2_17_x86_64.manylinux2014_x86_64.whl", hash = "sha256:da3ad64d685f84a34ebe5daacb39fff14f1251acb34c098d760d63fee768f50c", size = 13977684, upload-time = "2024-09-29T11:39:49.921Z" },
    { url = "https://files.pythonhosted.org/packages/d3/05/d86440aa879708c41844bafc6b3eb42c6d8cf54082482499b53139133e2a/pygame-2.6.1-cp310-cp310-win32.whl", hash = "sha256:9dd5c054d4bd875a8caf978b82672f02bec332f52a833a76899220c460bb4b58", size = 10251775, upload-time = "2024-09-29T11:40:34.952Z" },
    { url = "https://files.pythonhosted.org/packages/38/88/8de61324775cf2c844a51d8db14a8a6d2a9092312f27678f6eaa3a460376/pygame-2.6.1-cp310-cp310-win_amd64.whl", hash = "sha256:00827aba089355925902d533f9c41e79a799641f03746c50a374dc5c3362e43d", size = 10618801, upload-time = "2024-09-29T12:13:25.284Z" },
    { url = "https://files.pythonhosted.org/packages/c4/ca/8f367cb9fe734c4f6f6400e045593beea2635cd736158f9fabf58ee14e3c/pygame-2.6.1-cp311-cp311-macosx_10_9_x86_64.whl", hash = "sha256:20349195326a5e82a16e351ed93465a7845a7e2a9af55b7bc1b2110ea3e344e1", size = 13113753, upload-time = "2024-09-29T14:26:13.751Z" },
    { url = "https://files.pythonhosted.org/packages/83/47/6edf2f890139616b3219be9cfcc8f0cb8f42eb15efd59597927e390538cb/pygame-2.6.1-cp311-cp311-macosx_11_0_arm64.whl", hash = "sha256:f3935459109da4bb0b3901da9904f0a3e52028a3332a355d298b1673a334cf21", size = 12378146, upload-time = "2024-09-29T14:26:22.456Z" },
    { url = "https://files.pythonhosted.org/packages/00/9e/0d8aa8cf93db2d2ee38ebaf1c7b61d0df36ded27eb726221719c150c673d/pygame-2.6.1-cp311-cp311-manylinux_2_17_aarch64.manylinux2014_aarch64.whl", hash = "sha256:c31dbdb5d0217f32764797d21c2752e258e5fb7e895326538d82b5f75a0cd856", size = 13611760, upload-time = "2024-09-29T11:10:47.317Z" },
    { url = "https://files.pythonhosted.org/packages/d7/9e/d06adaa5cc65876bcd7a24f59f67e07f7e4194e6298130024ed3fb22c456/pygame-2.6.1-cp311-cp311-manylinux_2_17_i686.manylinux2014_i686.whl", hash = "sha256:173badf82fa198e6888017bea40f511cb28e69ecdd5a72b214e81e4dcd66c3b1", size = 14298054, upload-time = "2024-09-29T11:39:53.891Z" },
    { url = "https://files.pythonhosted.org/packages/7a/a1/9ae2852ebd3a7cc7d9ae7ff7919ab983e4a5c1b7a14e840732f23b2b48f6/pygame-2.6.1-cp311-cp311-manylinux_2_17_x86_64.manylinux2014_x86_64.whl", hash = "sha256:ce8cc108b92de9b149b344ad2e25eedbe773af0dc41dfb24d1f07f679b558c60", size = 13977107, upload-time = "2024-09-29T11:39:56.831Z" },
    { url = "https://files.pythonhosted.org/packages/31/df/6788fd2e9a864d0496a77670e44a7c012184b7a5382866ab0e60c55c0f28/pygame-2.6.1-cp311-cp311-win32.whl", hash = "sha256:811e7b925146d8149d79193652cbb83e0eca0aae66476b1cb310f0f4226b8b5c", size = 10250863, upload-time = "2024-09-29T11:44:48.199Z" },
    { url = "https://files.pythonhosted.org/packages/d2/55/ca3eb851aeef4f6f2e98a360c201f0d00bd1ba2eb98e2c7850d80aabc526/pygame-2.6.1-cp311-cp311-win_amd64.whl", hash = "sha256:91476902426facd4bb0dad4dc3b2573bc82c95c71b135e0daaea072ed528d299", size = 10622016, upload-time = "2024-09-29T12:17:01.545Z" },
    { url = "https://files.pythonhosted.org/packages/92/16/2c602c332f45ff9526d61f6bd764db5096ff9035433e2172e2d2cadae8db/pygame-2.6.1-cp312-cp312-macosx_10_9_x86_64.whl", hash = "sha256:4ee7f2771f588c966fa2fa8b829be26698c9b4836f82ede5e4edc1a68594942e", size = 13118279, upload-time = "2024-09-29T14:26:30.427Z" },
    { url = "https://files.pythonhosted.org/packages/cd/53/77ccbc384b251c6e34bfd2e734c638233922449a7844e3c7a11ef91cee39/pygame-2.6.1-cp312-cp312-macosx_11_0_arm64.whl", hash = "sha256:c8040ea2ab18c6b255af706ec01355c8a6b08dc48d77fd4ee783f8fc46a843bf", size = 12384524, upload-time = "2024-09-29T14:26:49.996Z" },
    { url = "https://files.pythonhosted.org/packages/06/be/3ed337583f010696c3b3435e89a74fb29d0c74d0931e8f33c0a4246307a9/pygame-2.6.1-cp312-cp312-manylinux_2_17_aarch64.manylinux2014_aarch64.whl", hash = "sha256:c47a6938de93fa610accd4969e638c2aebcb29b2fca518a84c3a39d91ab47116", size = 13587123, upload-time = "2024-09-29T11:10:50.072Z" },
    { url = "https://files.pythonhosted.org/packages/fd/ca/b015586a450db59313535662991b34d24c1f0c0dc149cc5f496573900f4e/pygame-2.6.1-cp312-cp312-manylinux_2_17_i686.manylinux2014_i686.whl", hash = "sha256:33006f784e1c7d7e466fcb61d5489da59cc5f7eb098712f792a225df1d4e229d", size = 14275532, upload-time = "2024-09-29T11:39:59.356Z" },
    { url = "https://files.pythonhosted.org/packages/b9/f2/d31e6ad42d657af07be2ffd779190353f759a07b51232b9e1d724f2cda46/pygame-2.6.1-cp312-cp312-manylinux_2_17_x86_64.manylinux2014_x86_64.whl", hash = "sha256:1206125f14cae22c44565c9d333607f1d9f59487b1f1432945dfc809aeaa3e88", size = 13952653, upload-time = "2024-09-29T11:40:01.781Z" },
    { url = "https://files.pythonhosted.org/packages/f3/42/8ea2a6979e6fa971702fece1747e862e2256d4a8558fe0da6364dd946c53/pygame-2.6.1-cp312-cp312-win32.whl", hash = "sha256:84fc4054e25262140d09d39e094f6880d730199710829902f0d8ceae0213379e", size = 10252421, upload-time = "2024-09-29T11:14:26.877Z" },
    { url = "https://files.pythonhosted.org/packages/5f/90/7d766d54bb95939725e9a9361f9c06b0cfbe3fe100aa35400f0a461a278a/pygame-2.6.1-cp312-cp312-win_amd64.whl", hash = "sha256:3a9e7396be0d9633831c3f8d5d82dd63ba373ad65599628294b7a4f8a5a01a65", size = 10624591, upload-time = "2024-09-29T11:52:54.489Z" },
    { url = "https://files.pythonhosted.org/packages/e1/91/718acf3e2a9d08a6ddcc96bd02a6f63c99ee7ba14afeaff2a51c987df0b9/pygame-2.6.1-cp313-cp313-macosx_10_13_x86_64.whl", hash = "sha256:ae6039f3a55d800db80e8010f387557b528d34d534435e0871326804df2a62f2", size = 13090765, upload-time = "2024-09-29T14:27:02.377Z" },
    { url = "https://files.pythonhosted.org/packages/0e/c6/9cb315de851a7682d9c7568a41ea042ee98d668cb8deadc1dafcab6116f0/pygame-2.6.1-cp313-cp313-macosx_11_0_arm64.whl", hash = "sha256:2a3a1288e2e9b1e5834e425bedd5ba01a3cd4902b5c2bff8ed4a740ccfe98171", size = 12381704, upload-time = "2024-09-29T14:27:10.228Z" },
    { url = "https://files.pythonhosted.org/packages/9f/8f/617a1196e31ae3b46be6949fbaa95b8c93ce15e0544266198c2266cc1b4d/pygame-2.6.1-cp313-cp313-manylinux_2_17_aarch64.manylinux2014_aarch64.whl", hash = "sha256:27eb17e3dc9640e4b4683074f1890e2e879827447770470c2aba9f125f74510b", size = 13581091, upload-time = "2024-09-29T11:30:27.653Z" },
    { url = "https://files.pythonhosted.org/packages/3b/87/2851a564e40a2dad353f1c6e143465d445dab18a95281f9ea458b94f3608/pygame-2.6.1-cp313-cp313-manylinux_2_17_i686.manylinux2014_i686.whl", hash = "sha256:4c1623180e70a03c4a734deb9bac50fc9c82942ae84a3a220779062128e75f3b", size = 14273844, upload-time = "2024-09-29T11:40:04.138Z" },
    { url = "https://files.pythonhosted.org/packages/85/b5/aa23aa2e70bcba42c989c02e7228273c30f3b44b9b264abb93eaeff43ad7/pygame-2.6.1-cp313-cp313-manylinux_2_17_x86_64.manylinux2014_x86_64.whl", hash = "sha256:ef07c0103d79492c21fced9ad68c11c32efa6801ca1920ebfd0f15fb46c78b1c", size = 13951197, upload-time = "2024-09-29T11:40:06.785Z" },
    { url = "https://files.pythonhosted.org/packages/a6/06/29e939b34d3f1354738c7d201c51c250ad7abefefaf6f8332d962ff67c4b/pygame-2.6.1-cp313-cp313-win32.whl", hash = "sha256:3acd8c009317190c2bfd81db681ecef47d5eb108c2151d09596d9c7ea9df5c0e", size = 10249309, upload-time = "2024-09-29T11:10:23.329Z" },
    { url = "https://files.pythonhosted.org/packages/7e/11/17f7f319ca91824b86557e9303e3b7a71991ef17fd45286bf47d7f0a38e6/pygame-2.6.1-cp313-cp313-win_amd64.whl", hash = "sha256:813af4fba5d0b2cb8e58f5d95f7910295c34067dcc290d34f1be59c48bd1ea6a", size = 10620084, upload-time = "2024-09-29T11:48:51.587Z" },
    { url = "https://files.pythonhosted.org/packages/a7/ed/9f49258c5012a4642fe931e3d3fdb87a210a76c4680ce47ec049bb93afae/pygame-2.6.1-cp39-cp39-macosx_10_9_x86_64.whl", hash = "sha256:15efaa11a80a65dd589a95bebe812fa5bfc7e14946b638a424c5bd9ac6cca1a4", size = 12967001, upload-time = "2024-09-29T14:28:00.081Z" },
    { url = "https://files.pythonhosted.org/packages/53/e1/620110f7aebf9ae28073f9576b9ef1bf90dceabc0a88007d0241d842a501/pygame-2.6.1-cp39-cp39-macosx_11_0_arm64.whl", hash = "sha256:481cfe1bdbb7fe00acc5950c494c26f00240888619bdc396fc8c39a734797432", size = 12378764, upload-time = "2024-09-29T14:28:10.715Z" },
    { url = "https://files.pythonhosted.org/packages/d3/4d/3621df95571465fa09fc65d48b9c70b32c4271b5c11b60aeabf592d3222e/pygame-2.6.1-cp39-cp39-manylinux_2_17_aarch64.manylinux2014_aarch64.whl", hash = "sha256:5d09fd950725d187aa5207c0cb8eb9ab0d2f8ce9ab8d189c30eeb470e71b617e", size = 13612295, upload-time = "2024-09-29T11:11:02.753Z" },
    { url = "https://files.pythonhosted.org/packages/b8/7e/8f8357ea9b82bc2229a27f79ccff827a68033a6e5f2221da127422978a28/pygame-2.6.1-cp39-cp39-manylinux_2_17_i686.manylinux2014_i686.whl", hash = "sha256:163e66de169bd5670c86e27d0b74aad0d2d745e3b63cf4e7eb5b2bff1231ca8d", size = 14307883, upload-time = "2024-09-29T11:40:24.514Z" },
    { url = "https://files.pythonhosted.org/packages/75/9c/5cee30344ea2c5c2292c036719322d28decd2699c813b99cb0e636212f99/pygame-2.6.1-cp39-cp39-manylinux_2_17_x86_64.manylinux2014_x86_64.whl", hash = "sha256:fb6e8d0547f30ddc845f4fd1e33070ef548233ad0dbf21f7ecea768883d1bbdc", size = 13980247, upload-time = "2024-09-29T11:40:26.822Z" },
    { url = "https://files.pythonhosted.org/packages/62/57/3e97f6c05632ac3424578b4683ef9c36882b8796862517f72236111f76b9/pygame-2.6.1-cp39-cp39-win32.whl", hash = "sha256:d29eb9a93f12aa3d997b6e3c447ac85b2a4b142ab2548441523a8fcf5e216042", size = 10254889, upload-time = "2024-09-29T11:36:35.71Z" },
    { url = "https://files.pythonhosted.org/packages/77/a9/6e8cfee4005d9ec165afd9146b930bcb5b921ec66395105316d00e7db6f5/pygame-2.6.1-cp39-cp39-win_amd64.whl", hash = "sha256:6582aa71a681e02e55d43150a9ab41394e6bf4d783d2962a10aea58f424be060", size = 10622066, upload-time = "2024-09-29T12:09:40.932Z" },
    { url = "https://files.pythonhosted.org/packages/9a/2f/8458240c8908a550254c80b64f8c03d6d46156664df3515a1331ae730b4e/pygame-2.6.1-pp39-pypy39_pp73-macosx_10_15_x86_64.whl", hash = "sha256:bbb7167c92103a2091366e9af26d4914ba3776666e8677d3c93551353fffa626", size = 12782440, upload-time = "2024-09-29T14:28:25.73Z" },
    { url = "https://files.pythonhosted.org/packages/b8/a5/ef76a85da2cb7bc6b9fc54b0a56cf75f244c8adcd16bab8d0d9d7398bfed/pygame-2.6.1-pp39-pypy39_pp73-manylinux_2_17_i686.manylinux2014_i686.whl", hash = "sha256:17498a2b043bc0e795faedef1b081199c688890200aef34991c1941caa2d2c89", size = 14182026, upload-time = "2024-09-29T11:40:28.978Z" },
    { url = "https://files.pythonhosted.org/packages/8b/11/5519d3dfc8046822289dbd8ffde407e30ddb56b6f4a78ca39121a545a322/pygame-2.6.1-pp39-pypy39_pp73-manylinux_2_17_x86_64.manylinux2014_x86_64.whl", hash = "sha256:7103c60939bbc1e05cfc7ba3f1d2ad3bbf103b7828b82a7166a9ab6f51950146", size = 13869271, upload-time = "2024-09-29T11:40:31.176Z" },
]

[[package]]
name = "pyobjc-core"
version = "11.1"
source = { registry = "https://pypi.org/simple" }
resolution-markers = [
    "python_full_version < '3.10'",
]
sdist = { url = "https://files.pythonhosted.org/packages/e8/e9/0b85c81e2b441267bca707b5d89f56c2f02578ef8f3eafddf0e0c0b8848c/pyobjc_core-11.1.tar.gz", hash = "sha256:b63d4d90c5df7e762f34739b39cc55bc63dbcf9fb2fb3f2671e528488c7a87fe", size = 974602, upload-time = "2025-06-14T20:56:34.189Z" }
wheels = [
    { url = "https://files.pythonhosted.org/packages/a5/c5/9fa74ef6b83924e657c5098d37b36b66d1e16d13bc45c44248c6248e7117/pyobjc_core-11.1-cp310-cp310-macosx_10_9_universal2.whl", hash = "sha256:4c7536f3e94de0a3eae6bb382d75f1219280aa867cdf37beef39d9e7d580173c", size = 676323, upload-time = "2025-06-14T20:44:44.675Z" },
    { url = "https://files.pythonhosted.org/packages/5a/a7/55afc166d89e3fcd87966f48f8bca3305a3a2d7c62100715b9ffa7153a90/pyobjc_core-11.1-cp311-cp311-macosx_10_9_universal2.whl", hash = "sha256:ec36680b5c14e2f73d432b03ba7c1457dc6ca70fa59fd7daea1073f2b4157d33", size = 671075, upload-time = "2025-06-14T20:44:46.594Z" },
    { url = "https://files.pythonhosted.org/packages/c0/09/e83228e878e73bf756749939f906a872da54488f18d75658afa7f1abbab1/pyobjc_core-11.1-cp312-cp312-macosx_10_13_universal2.whl", hash = "sha256:765b97dea6b87ec4612b3212258024d8496ea23517c95a1c5f0735f96b7fd529", size = 677985, upload-time = "2025-06-14T20:44:48.375Z" },
    { url = "https://files.pythonhosted.org/packages/c5/24/12e4e2dae5f85fd0c0b696404ed3374ea6ca398e7db886d4f1322eb30799/pyobjc_core-11.1-cp313-cp313-macosx_10_13_universal2.whl", hash = "sha256:18986f83998fbd5d3f56d8a8428b2f3e0754fd15cef3ef786ca0d29619024f2c", size = 676431, upload-time = "2025-06-14T20:44:49.908Z" },
    { url = "https://files.pythonhosted.org/packages/f7/79/031492497624de4c728f1857181b06ce8c56444db4d49418fa459cba217c/pyobjc_core-11.1-cp313-cp313t-macosx_10_13_universal2.whl", hash = "sha256:8849e78cfe6595c4911fbba29683decfb0bf57a350aed8a43316976ba6f659d2", size = 719330, upload-time = "2025-06-14T20:44:51.621Z" },
    { url = "https://files.pythonhosted.org/packages/ed/7d/6169f16a0c7ec15b9381f8bf33872baf912de2ef68d96c798ca4c6ee641f/pyobjc_core-11.1-cp314-cp314-macosx_11_0_universal2.whl", hash = "sha256:8cb9ed17a8d84a312a6e8b665dd22393d48336ea1d8277e7ad20c19a38edf731", size = 667203, upload-time = "2025-06-14T20:44:53.262Z" },
    { url = "https://files.pythonhosted.org/packages/49/0f/f5ab2b0e57430a3bec9a62b6153c0e79c05a30d77b564efdb9f9446eeac5/pyobjc_core-11.1-cp314-cp314t-macosx_11_0_universal2.whl", hash = "sha256:f2455683e807f8541f0d83fbba0f5d9a46128ab0d5cc83ea208f0bec759b7f96", size = 708807, upload-time = "2025-06-14T20:44:54.851Z" },
    { url = "https://files.pythonhosted.org/packages/0b/3c/98f04333e4f958ee0c44ceccaf0342c2502d361608e00f29a5d50e16a569/pyobjc_core-11.1-cp39-cp39-macosx_10_9_universal2.whl", hash = "sha256:4a99e6558b48b8e47c092051e7b3be05df1c8d0617b62f6fa6a316c01902d157", size = 677089, upload-time = "2025-06-14T20:44:56.15Z" },
]

[[package]]
name = "pyobjc-core"
version = "12.1"
source = { registry = "https://pypi.org/simple" }
resolution-markers = [
    "python_full_version >= '3.10'",
]
sdist = { url = "https://files.pythonhosted.org/packages/b8/b6/d5612eb40be4fd5ef88c259339e6313f46ba67577a95d86c3470b951fce0/pyobjc_core-12.1.tar.gz", hash = "sha256:2bb3903f5387f72422145e1466b3ac3f7f0ef2e9960afa9bcd8961c5cbf8bd21", size = 1000532, upload-time = "2025-11-14T10:08:28.292Z" }
wheels = [
    { url = "https://files.pythonhosted.org/packages/63/bf/3dbb1783388da54e650f8a6b88bde03c101d9ba93dfe8ab1b1873f1cd999/pyobjc_core-12.1-cp310-cp310-macosx_10_9_universal2.whl", hash = "sha256:93418e79c1655f66b4352168f8c85c942707cb1d3ea13a1da3e6f6a143bacda7", size = 676748, upload-time = "2025-11-14T09:30:50.023Z" },
    { url = "https://files.pythonhosted.org/packages/95/df/d2b290708e9da86d6e7a9a2a2022b91915cf2e712a5a82e306cb6ee99792/pyobjc_core-12.1-cp311-cp311-macosx_10_9_universal2.whl", hash = "sha256:c918ebca280925e7fcb14c5c43ce12dcb9574a33cccb889be7c8c17f3bcce8b6", size = 671263, upload-time = "2025-11-14T09:31:35.231Z" },
    { url = "https://files.pythonhosted.org/packages/64/5a/6b15e499de73050f4a2c88fff664ae154307d25dc04da8fb38998a428358/pyobjc_core-12.1-cp312-cp312-macosx_10_13_universal2.whl", hash = "sha256:818bcc6723561f207e5b5453efe9703f34bc8781d11ce9b8be286bb415eb4962", size = 678335, upload-time = "2025-11-14T09:32:20.107Z" },
    { url = "https://files.pythonhosted.org/packages/f4/d2/29e5e536adc07bc3d33dd09f3f7cf844bf7b4981820dc2a91dd810f3c782/pyobjc_core-12.1-cp313-cp313-macosx_10_13_universal2.whl", hash = "sha256:01c0cf500596f03e21c23aef9b5f326b9fb1f8f118cf0d8b66749b6cf4cbb37a", size = 677370, upload-time = "2025-11-14T09:33:05.273Z" },
    { url = "https://files.pythonhosted.org/packages/1b/f0/4b4ed8924cd04e425f2a07269943018d43949afad1c348c3ed4d9d032787/pyobjc_core-12.1-cp313-cp313t-macosx_10_13_universal2.whl", hash = "sha256:177aaca84bb369a483e4961186704f64b2697708046745f8167e818d968c88fc", size = 719586, upload-time = "2025-11-14T09:33:53.302Z" },
    { url = "https://files.pythonhosted.org/packages/25/98/9f4ed07162de69603144ff480be35cd021808faa7f730d082b92f7ebf2b5/pyobjc_core-12.1-cp314-cp314-macosx_10_15_universal2.whl", hash = "sha256:844515f5d86395b979d02152576e7dee9cc679acc0b32dc626ef5bda315eaa43", size = 670164, upload-time = "2025-11-14T09:34:37.458Z" },
    { url = "https://files.pythonhosted.org/packages/62/50/dc076965c96c7f0de25c0a32b7f8aa98133ed244deaeeacfc758783f1f30/pyobjc_core-12.1-cp314-cp314t-macosx_10_15_universal2.whl", hash = "sha256:453b191df1a4b80e756445b935491b974714456ae2cbae816840bd96f86db882", size = 712204, upload-time = "2025-11-14T09:35:24.148Z" },
]

[[package]]
name = "pyobjc-framework-cocoa"
version = "11.1"
source = { registry = "https://pypi.org/simple" }
resolution-markers = [
    "python_full_version < '3.10'",
]
dependencies = [
    { name = "pyobjc-core", version = "11.1", source = { registry = "https://pypi.org/simple" }, marker = "python_full_version < '3.10'" },
]
sdist = { url = "https://files.pythonhosted.org/packages/4b/c5/7a866d24bc026f79239b74d05e2cf3088b03263da66d53d1b4cf5207f5ae/pyobjc_framework_cocoa-11.1.tar.gz", hash = "sha256:87df76b9b73e7ca699a828ff112564b59251bb9bbe72e610e670a4dc9940d038", size = 5565335, upload-time = "2025-06-14T20:56:59.683Z" }
wheels = [
    { url = "https://files.pythonhosted.org/packages/87/8f/67a7e166b615feb96385d886c6732dfb90afed565b8b1f34673683d73cd9/pyobjc_framework_cocoa-11.1-cp310-cp310-macosx_10_9_universal2.whl", hash = "sha256:b27a5bdb3ab6cdeb998443ff3fce194ffae5f518c6a079b832dbafc4426937f9", size = 388187, upload-time = "2025-06-14T20:46:49.74Z" },
    { url = "https://files.pythonhosted.org/packages/90/43/6841046aa4e257b6276cd23e53cacedfb842ecaf3386bb360fa9cc319aa1/pyobjc_framework_cocoa-11.1-cp311-cp311-macosx_10_9_universal2.whl", hash = "sha256:7b9a9b8ba07f5bf84866399e3de2aa311ed1c34d5d2788a995bdbe82cc36cfa0", size = 388177, upload-time = "2025-06-14T20:46:51.454Z" },
    { url = "https://files.pythonhosted.org/packages/68/da/41c0f7edc92ead461cced7e67813e27fa17da3c5da428afdb4086c69d7ba/pyobjc_framework_cocoa-11.1-cp312-cp312-macosx_10_13_universal2.whl", hash = "sha256:806de56f06dfba8f301a244cce289d54877c36b4b19818e3b53150eb7c2424d0", size = 388983, upload-time = "2025-06-14T20:46:52.591Z" },
    { url = "https://files.pythonhosted.org/packages/4e/0b/a01477cde2a040f97e226f3e15e5ffd1268fcb6d1d664885a95ba592eca9/pyobjc_framework_cocoa-11.1-cp313-cp313-macosx_10_13_universal2.whl", hash = "sha256:54e93e1d9b0fc41c032582a6f0834befe1d418d73893968f3f450281b11603da", size = 389049, upload-time = "2025-06-14T20:46:53.757Z" },
    { url = "https://files.pythonhosted.org/packages/bc/e6/64cf2661f6ab7c124d0486ec6d1d01a9bb2838a0d2a46006457d8c5e6845/pyobjc_framework_cocoa-11.1-cp313-cp313t-macosx_10_13_universal2.whl", hash = "sha256:fd5245ee1997d93e78b72703be1289d75d88ff6490af94462b564892e9266350", size = 393110, upload-time = "2025-06-14T20:46:54.894Z" },
    { url = "https://files.pythonhosted.org/packages/33/87/01e35c5a3c5bbdc93d5925366421e10835fcd7b23347b6c267df1b16d0b3/pyobjc_framework_cocoa-11.1-cp314-cp314-macosx_11_0_universal2.whl", hash = "sha256:aede53a1afc5433e1e7d66568cc52acceeb171b0a6005407a42e8e82580b4fc0", size = 392644, upload-time = "2025-06-14T20:46:56.503Z" },
    { url = "https://files.pythonhosted.org/packages/c1/7c/54afe9ffee547c41e1161691e72067a37ed27466ac71c089bfdcd07ca70d/pyobjc_framework_cocoa-11.1-cp314-cp314t-macosx_11_0_universal2.whl", hash = "sha256:1b5de4e1757bb65689d6dc1f8d8717de9ec8587eb0c4831c134f13aba29f9b71", size = 396742, upload-time = "2025-06-14T20:46:57.64Z" },
    { url = "https://files.pythonhosted.org/packages/b2/9b/5499d1ed6790b037b12831d7038eb21031ab90a033d4cfa43c9b51085925/pyobjc_framework_cocoa-11.1-cp39-cp39-macosx_10_9_universal2.whl", hash = "sha256:bbee71eeb93b1b31ffbac8560b59a0524a8a4b90846a260d2c4f2188f3d4c721", size = 388163, upload-time = "2025-06-14T20:46:58.72Z" },
]

[[package]]
name = "pyobjc-framework-cocoa"
version = "12.1"
source = { registry = "https://pypi.org/simple" }
resolution-markers = [
    "python_full_version >= '3.10'",
]
dependencies = [
    { name = "pyobjc-core", version = "12.1", source = { registry = "https://pypi.org/simple" }, marker = "python_full_version >= '3.10'" },
]
sdist = { url = "https://files.pythonhosted.org/packages/02/a3/16ca9a15e77c061a9250afbae2eae26f2e1579eb8ca9462ae2d2c71e1169/pyobjc_framework_cocoa-12.1.tar.gz", hash = "sha256:5556c87db95711b985d5efdaaf01c917ddd41d148b1e52a0c66b1a2e2c5c1640", size = 2772191, upload-time = "2025-11-14T10:13:02.069Z" }
wheels = [
    { url = "https://files.pythonhosted.org/packages/b2/aa/2b2d7ec3ac4b112a605e9bd5c5e5e4fd31d60a8a4b610ab19cc4838aa92a/pyobjc_framework_cocoa-12.1-cp310-cp310-macosx_10_9_universal2.whl", hash = "sha256:9b880d3bdcd102809d704b6d8e14e31611443aa892d9f60e8491e457182fdd48", size = 383825, upload-time = "2025-11-14T09:40:28.354Z" },
    { url = "https://files.pythonhosted.org/packages/3f/07/5760735c0fffc65107e648eaf7e0991f46da442ac4493501be5380e6d9d4/pyobjc_framework_cocoa-12.1-cp311-cp311-macosx_10_9_universal2.whl", hash = "sha256:f52228bcf38da64b77328787967d464e28b981492b33a7675585141e1b0a01e6", size = 383812, upload-time = "2025-11-14T09:40:53.169Z" },
    { url = "https://files.pythonhosted.org/packages/95/bf/ee4f27ec3920d5c6fc63c63e797c5b2cc4e20fe439217085d01ea5b63856/pyobjc_framework_cocoa-12.1-cp312-cp312-macosx_10_13_universal2.whl", hash = "sha256:547c182837214b7ec4796dac5aee3aa25abc665757b75d7f44f83c994bcb0858", size = 384590, upload-time = "2025-11-14T09:41:17.336Z" },
    { url = "https://files.pythonhosted.org/packages/ad/31/0c2e734165abb46215797bd830c4bdcb780b699854b15f2b6240515edcc6/pyobjc_framework_cocoa-12.1-cp313-cp313-macosx_10_13_universal2.whl", hash = "sha256:5a3dcd491cacc2f5a197142b3c556d8aafa3963011110102a093349017705118", size = 384689, upload-time = "2025-11-14T09:41:41.478Z" },
    { url = "https://files.pythonhosted.org/packages/23/3b/b9f61be7b9f9b4e0a6db18b3c35c4c4d589f2d04e963e2174d38c6555a92/pyobjc_framework_cocoa-12.1-cp313-cp313t-macosx_10_13_universal2.whl", hash = "sha256:914b74328c22d8ca261d78c23ef2befc29776e0b85555973927b338c5734ca44", size = 388843, upload-time = "2025-11-14T09:42:05.719Z" },
    { url = "https://files.pythonhosted.org/packages/59/bb/f777cc9e775fc7dae77b569254570fe46eb842516b3e4fe383ab49eab598/pyobjc_framework_cocoa-12.1-cp314-cp314-macosx_10_15_universal2.whl", hash = "sha256:03342a60fc0015bcdf9b93ac0b4f457d3938e9ef761b28df9564c91a14f0129a", size = 384932, upload-time = "2025-11-14T09:42:29.771Z" },
    { url = "https://files.pythonhosted.org/packages/58/27/b457b7b37089cad692c8aada90119162dfb4c4a16f513b79a8b2b022b33b/pyobjc_framework_cocoa-12.1-cp314-cp314t-macosx_10_15_universal2.whl", hash = "sha256:6ba1dc1bfa4da42d04e93d2363491275fb2e2be5c20790e561c8a9e09b8cf2cc", size = 388970, upload-time = "2025-11-14T09:42:53.964Z" },
]

[[package]]
name = "rumps"
version = "0.4.0"
source = { registry = "https://pypi.org/simple" }
dependencies = [
    { name = "pyobjc-framework-cocoa", version = "11.1", source = { registry = "https://pypi.org/simple" }, marker = "python_full_version < '3.10'" },
    { name = "pyobjc-framework-cocoa", version = "12.1", source = { registry = "https://pypi.org/simple" }, marker = "python_full_version >= '3.10'" },
]
sdist = { url = "https://files.pythonhosted.org/packages/b2/e2/2e6a47951290bd1a2831dcc50aec4b25d104c0cf00e8b7868cbd29cf3bfe/rumps-0.4.0.tar.gz", hash = "sha256:17fb33c21b54b1e25db0d71d1d793dc19dc3c0b7d8c79dc6d833d0cffc8b1596", size = 39257, upload-time = "2022-10-15T05:15:10.386Z" }
